
Microsoft Visual Studio Solution File, Format Version 12.00
# Visual Studio Version 16
VisualStudioVersion = 16.0.31424.327
MinimumVisualStudioVersion = 10.0.40219.1
Project("{FAE04EC0-301F-11D3-BF4B-00C04F79EFBC}") = "Utility", "Utility\Utility.csproj", "{C86D9439-EDB2-4647-88BF-55FEC5A18853}"
EndProject
Global
	GlobalSection(SolutionConfigurationPlatforms) = preSolution
		Debug|Any CPU = Debug|Any CPU
		Release|Any CPU = Release|Any CPU
	EndGlobalSection
	GlobalSection(ProjectConfigurationPlatforms) = postSolution
		{C86D9439-EDB2-4647-88BF-55FEC5A18853}.Debug|Any CPU.ActiveCfg = Debug|Any CPU
		{C86D9439-EDB2-4647-88BF-55FEC5A18853}.Debug|Any CPU.Build.0 = Debug|Any CPU
		{C86D9439-EDB2-4647-88BF-55FEC5A18853}.Release|Any CPU.ActiveCfg = Release|Any CPU
		{C86D9439-EDB2-4647-88BF-55FEC5A18853}.Release|Any CPU.Build.0 = Release|Any CPU
	EndGlobalSection
	GlobalSection(SolutionProperties) = preSolution
		HideSolutionNode = FALSE
	EndGlobalSection
	GlobalSection(ExtensibilityGlobals) = postSolution
		SolutionGuid = {9CE91211-6CCE-4224-9C90-1B369E1E2D5E}
	EndGlobalSection
EndGlobal
